
Microsoft Visual Studio Solution File, Format Version 12.00
# Visual Studio Version 17
VisualStudioVersion = 17.14.36915.13
MinimumVisualStudioVersion = 10.0.40219.1
Project("{FAE04EC0-301F-11D3-BF4B-00C04F79EFBC}") = "Diarios.Api", "Diarios.Api\Diarios.Api.csproj", "{286F3AA7-9E14-4B0F-9FBF-2DD764DCFF81}"
EndProject
Project("{FAE04EC0-301F-11D3-BF4B-00C04F79EFBC}") = "Diarios.Api.Tests", "Diarios.Api.Tests\Diarios.Api.Tests.csproj", "{E4BB699B-1FE0-40A3-8B44-9958FFB2DC15}"
EndProject
Project("{FAE04EC0-301F-11D3-BF4B-00C04F79EFBC}") = "Diarios.Api.Domain", "Diarios.Api.Domain\Diarios.Api.Domain.csproj", "{85D5C3FB-7D6F-4697-85EA-1EC47F3200A6}"
EndProject
Project("{FAE04EC0-301F-11D3-BF4B-00C04F79EFBC}") = "Diarios.Api.Application", "Diarios.Api.Application\Diarios.Api.Application.csproj", "{BCCC8AA0-F42D-4277-87B0-8658EAF102AD}"
EndProject
Project("{FAE04EC0-301F-11D3-BF4B-00C04F79EFBC}") = "Diarios.Api.Ioc", "Diarios.Api.Ioc\Diarios.Api.Ioc.csproj", "{6ED8DEC2-C34F-4AB0-A6AA-4CBEC224E39C}"
EndProject
Project("{FAE04EC0-301F-11D3-BF4B-00C04F79EFBC}") = "Diarios.Api.Infra", "Diarios.Api.Infra\Diarios.Api.Infra.csproj", "{3D5DC35D-DD78-4115-9B7B-6980D58C0035}"
EndProject
Global
	GlobalSection(SolutionConfigurationPlatforms) = preSolution
		Debug|Any CPU = Debug|Any CPU
		Release|Any CPU = Release|Any CPU
	EndGlobalSection
	GlobalSection(ProjectConfigurationPlatforms) = postSolution
		{286F3AA7-9E14-4B0F-9FBF-2DD764DCFF81}.Debug|Any CPU.ActiveCfg = Debug|Any CPU
		{286F3AA7-9E14-4B0F-9FBF-2DD764DCFF81}.Debug|Any CPU.Build.0 = Debug|Any CPU
		{286F3AA7-9E14-4B0F-9FBF-2DD764DCFF81}.Release|Any CPU.ActiveCfg = Release|Any CPU
		{286F3AA7-9E14-4B0F-9FBF-2DD764DCFF81}.Release|Any CPU.Build.0 = Release|Any CPU
		{E4BB699B-1FE0-40A3-8B44-9958FFB2DC15}.Debug|Any CPU.ActiveCfg = Debug|Any CPU
		{E4BB699B-1FE0-40A3-8B44-9958FFB2DC15}.Debug|Any CPU.Build.0 = Debug|Any CPU
		{E4BB699B-1FE0-40A3-8B44-9958FFB2DC15}.Release|Any CPU.ActiveCfg = Release|Any CPU
		{E4BB699B-1FE0-40A3-8B44-9958FFB2DC15}.Release|Any CPU.Build.0 = Release|Any CPU
		{85D5C3FB-7D6F-4697-85EA-1EC47F3200A6}.Debug|Any CPU.ActiveCfg = Debug|Any CPU
		{85D5C3FB-7D6F-4697-85EA-1EC47F3200A6}.Debug|Any CPU.Build.0 = Debug|Any CPU
		{85D5C3FB-7D6F-4697-85EA-1EC47F3200A6}.Release|Any CPU.ActiveCfg = Release|Any CPU
		{85D5C3FB-7D6F-4697-85EA-1EC47F3200A6}.Release|Any CPU.Build.0 = Release|Any CPU
		{BCCC8AA0-F42D-4277-87B0-8658EAF102AD}.Debug|Any CPU.ActiveCfg = Debug|Any CPU
		{BCCC8AA0-F42D-4277-87B0-8658EAF102AD}.Debug|Any CPU.Build.0 = Debug|Any CPU
		{BCCC8AA0-F42D-4277-87B0-8658EAF102AD}.Release|Any CPU.ActiveCfg = Release|Any CPU
		{BCCC8AA0-F42D-4277-87B0-8658EAF102AD}.Release|Any CPU.Build.0 = Release|Any CPU
		{6ED8DEC2-C34F-4AB0-A6AA-4CBEC224E39C}.Debug|Any CPU.ActiveCfg = Debug|Any CPU
		{6ED8DEC2-C34F-4AB0-A6AA-4CBEC224E39C}.Debug|Any CPU.Build.0 = Debug|Any CPU
		{6ED8DEC2-C34F-4AB0-A6AA-4CBEC224E39C}.Release|Any CPU.ActiveCfg = Release|Any CPU
		{6ED8DEC2-C34F-4AB0-A6AA-4CBEC224E39C}.Release|Any CPU.Build.0 = Release|Any CPU
		{3D5DC35D-DD78-4115-9B7B-6980D58C0035}.Debug|Any CPU.ActiveCfg = Debug|Any CPU
		{3D5DC35D-DD78-4115-9B7B-6980D58C0035}.Debug|Any CPU.Build.0 = Debug|Any CPU
		{3D5DC35D-DD78-4115-9B7B-6980D58C0035}.Release|Any CPU.ActiveCfg = Release|Any CPU
		{3D5DC35D-DD78-4115-9B7B-6980D58C0035}.Release|Any CPU.Build.0 = Release|Any CPU
	EndGlobalSection
	GlobalSection(SolutionProperties) = preSolution
		HideSolutionNode = FALSE
	EndGlobalSection
	GlobalSection(ExtensibilityGlobals) = postSolution
		SolutionGuid = {7B9832D4-C230-4310-9EAD-8B2C714A596B}
	EndGlobalSection
EndGlobal
