
Microsoft Visual Studio Solution File, Format Version 12.00
# Visual Studio Version 17
VisualStudioVersion = 17.14.36915.13
MinimumVisualStudioVersion = 10.0.40219.1
Project("{FAE04EC0-301F-11D3-BF4B-00C04F79EFBC}") = "Diarios.Api", "Diarios.Api\Diarios.Api.csproj", "{286F3AA7-9E14-4B0F-9FBF-2DD764DCFF81}"
EndProject
Project("{FAE04EC0-301F-11D3-BF4B-00C04F79EFBC}") = "Diarios.Api.Tests", "Diarios.Api.Tests\Diarios.Api.Tests.csproj", "{E4BB699B-1FE0-40A3-8B44-9958FFB2DC15}"
EndProject
Global
	GlobalSection(SolutionConfigurationPlatforms) = preSolution
		Debug|Any CPU = Debug|Any CPU
		Release|Any CPU = Release|Any CPU
	EndGlobalSection
	GlobalSection(ProjectConfigurationPlatforms) = postSolution
		{286F3AA7-9E14-4B0F-9FBF-2DD764DCFF81}.Debug|Any CPU.ActiveCfg = Debug|Any CPU
		{286F3AA7-9E14-4B0F-9FBF-2DD764DCFF81}.Debug|Any CPU.Build.0 = Debug|Any CPU
		{286F3AA7-9E14-4B0F-9FBF-2DD764DCFF81}.Release|Any CPU.ActiveCfg = Release|Any CPU
		{286F3AA7-9E14-4B0F-9FBF-2DD764DCFF81}.Release|Any CPU.Build.0 = Release|Any CPU
		{E4BB699B-1FE0-40A3-8B44-9958FFB2DC15}.Debug|Any CPU.ActiveCfg = Debug|Any CPU
		{E4BB699B-1FE0-40A3-8B44-9958FFB2DC15}.Debug|Any CPU.Build.0 = Debug|Any CPU
		{E4BB699B-1FE0-40A3-8B44-9958FFB2DC15}.Release|Any CPU.ActiveCfg = Release|Any CPU
		{E4BB699B-1FE0-40A3-8B44-9958FFB2DC15}.Release|Any CPU.Build.0 = Release|Any CPU
	EndGlobalSection
	GlobalSection(SolutionProperties) = preSolution
		HideSolutionNode = FALSE
	EndGlobalSection
	GlobalSection(ExtensibilityGlobals) = postSolution
		SolutionGuid = {7B9832D4-C230-4310-9EAD-8B2C714A596B}
	EndGlobalSection
EndGlobal
